dependencies:
- name: feast-core
  repository: ""
  version: 0.3.1
- name: feast-serving
  repository: ""
  version: 0.3.1
- name: feast-serving
  repository: ""
  version: 0.3.1
digest: sha256:5ba127fd17eb539719742a98ca43878ef6ccff4571850c0b744fe636a53a3d97
generated: "2019-11-25T13:09:33.183038+08:00"
