dependencies:
- name: feast-core
  repository: ""
  version: 0.4.4
- name: feast-serving
  repository: ""
  version: 0.4.4
- name: feast-serving
  repository: ""
  version: 0.4.4
digest: sha256:1f812168f656d4725f80f52fcf2f919603ca4c69a9b48d62d55ea9271bf4755b
generated: "2020-02-25T14:15:39.256627Z"
