---
metadata:
  version: "1.0"
artifacts:
  - download_url: "https://files.pythonhosted.org/packages/44/43/b3f6e9defd1f3927b972beac7abe3d5b4a3bdb287e3bad69618e2e76cf0a/milvus_lite-2.4.12-py3-none-manylinux2014_x86_64.whl"
    checksum: "sha256:334037ebbab60243b5d8b43d54ca2f835d81d48c3cda0c6a462605e588deb05d"
    filename: "milvus_lite-2.4.12-py3-none-manylinux2014_x86_64.whl"
  - download_url: "https://files.pythonhosted.org/packages/dd/a9/899888a3b49ee07856a0bab673652a82ea89999451a51fba4d99e65868f7/ibis_framework-9.5.0-py3-none-any.whl"
    checksum: "sha256:145fe30d94f111cff332580c275ce77725c5ff7086eede93af0b371649d009c0"
    filename: "ibis_framework-9.5.0-py3-none-any.whl"
  - download_url: "https://github.com/apache/arrow/archive/apache-arrow-17.0.0.tar.gz"
    checksum: "sha256:8379554d89f19f2c8db63620721cabade62541f47a4e706dfb0a401f05a713ef"
    filename: "apache-arrow-17.0.0.tar.gz"
  - download_url: "https://github.com/abseil/abseil-cpp/archive/20211102.0.tar.gz"
    checksum: "sha256:dcf71b9cba8dc0ca9940c4b316a0c796be8fab42b070bb6b7cab62b48f0e66c4"
    filename: "absl-20211102.0.tar.gz"
  - download_url: "https://github.com/awslabs/aws-c-auth/archive/v0.6.22.tar.gz"
    checksum: "sha256:691a6b4418afcd3dc141351b6ad33fccd8e3ff84df0e9e045b42295d284ee14c"
    filename: "aws-c-auth-v0.6.22.tar.gz"
  - download_url: "https://github.com/awslabs/aws-c-cal/archive/v0.5.20.tar.gz"
    checksum: "sha256:acc352359bd06f8597415c366cf4ec4f00d0b0da92d637039a73323dd55b6cd0"
    filename: "aws-c-cal-v0.5.20.tar.gz"
  - download_url: "https://github.com/awslabs/aws-c-common/archive/v0.8.9.tar.gz"
    checksum: "sha256:2f3fbaf7c38eae5a00e2a816d09b81177f93529ae8ba1b82dc8f31407565327a"
    filename: "aws-c-common-v0.8.9.tar.gz"
  - download_url: "https://github.com/awslabs/aws-c-compression/archive/v0.2.16.tar.gz"
    checksum: "sha256:044b1dbbca431a07bde8255ef9ec443c300fc60d4c9408d4b862f65e496687f4"
    filename: "aws-c-compression-v0.2.16.tar.gz"
  - download_url: "https://github.com/awslabs/aws-c-event-stream/archive/v0.2.18.tar.gz"
    checksum: "sha256:310ca617f713bf664e4c7485a3d42c1fb57813abd0107e49790d107def7cde4f"
    filename: "aws-c-event-stream-v0.2.18.tar.gz"
  - download_url: "https://github.com/awslabs/aws-c-http/archive/v0.7.3.tar.gz"
    checksum: "sha256:07e16c6bf5eba6f0dea96b6f55eae312a7c95b736f4d2e4a210000f45d8265ae"
    filename: "aws-c-http-v0.7.3.tar.gz"
  - download_url: "https://github.com/awslabs/aws-c-io/archive/v0.13.14.tar.gz"
    checksum: "sha256:12b66510c3d9a4f7e9b714e9cfab2a5bf835f8b9ce2f909d20ae2a2128608c71"
    filename: "aws-c-io-v0.13.14.tar.gz"
  - download_url: "https://github.com/awslabs/aws-c-mqtt/archive/v0.8.4.tar.gz"
    checksum: "sha256:232eeac63e72883d460c686a09b98cdd811d24579affac47c5c3f696f956773f"
    filename: "aws-c-mqtt-v0.8.4.tar.gz"
  - download_url: "https://github.com/awslabs/aws-c-s3/archive/v0.2.3.tar.gz"
    checksum: "sha256:a00b3c9f319cd1c9aa2c3fa15098864df94b066dcba0deaccbb3caa952d902fe"
    filename: "aws-c-s3-v0.2.3.tar.gz"
  - download_url: "https://github.com/awslabs/aws-c-sdkutils/archive/v0.1.6.tar.gz"
    checksum: "sha256:8a2951344b2fb541eab1e9ca17c18a7fcbfd2aaff4cdd31d362d1fad96111b91"
    filename: "aws-c-sdkutils-v0.1.6.tar.gz"
  - download_url: "https://github.com/awslabs/aws-checksums/archive/v0.1.13.tar.gz"
    checksum: "sha256:0f897686f1963253c5069a0e495b85c31635ba146cd3ac38cc2ea31eaf54694d"
    filename: "aws-checksums-v0.1.13.tar.gz"
  - download_url: "https://github.com/awslabs/aws-crt-cpp/archive/v0.18.16.tar.gz"
    checksum: "sha256:9e69bc1dc4b50871d1038aa9ff6ddeb4c9b28f7d6b5e5b1b69041ccf50a13483"
    filename: "aws-crt-cpp-v0.18.16.tar.gz"
  - download_url: "https://github.com/awslabs/aws-lc/archive/v1.3.0.tar.gz"
    checksum: "sha256:ae96a3567161552744fc0cae8b4d68ed88b1ec0f3d3c98700070115356da5a37"
    filename: "aws-lc-v1.3.0.tar.gz"
  - download_url: "https://github.com/aws/aws-sdk-cpp/archive/1.10.55.tar.gz"
    checksum: "sha256:2d552fb1a84bef4a9b65e34aa7031851ed2aef5319e02cc6e4cb735c48aa30de"
    filename: "aws-sdk-cpp-1.10.55.tar.gz"
  - download_url: "https://apache.jfrog.io/artifactory/arrow/thirdparty/7.0.0/boost_1_81_0.tar.gz"
    checksum: "sha256:9e0ffae35528c35f90468997bc8d99500bf179cbae355415a89a600c38e13574"
    filename: "boost-1.81.0.tar.gz"
  - download_url: "https://github.com/google/brotli/archive/v1.0.9.tar.gz"
    checksum: "sha256:f9e8d81d0405ba66d181529af42a3354f838c939095ff99930da6aa9cdf6fe46"
    filename: "brotli-v1.0.9.tar.gz"
  - download_url: "https://sourceware.org/pub/bzip2/bzip2-1.0.8.tar.gz"
    checksum: "sha256:ab5a03176ee106d3f0fa90e381da478ddae405918153cca248e682cd0c4a2269"
    filename: "bzip2-1.0.8.tar.gz"
  - download_url: "https://github.com/c-ares/c-ares/releases/download/cares-1_17_2/c-ares-1.17.2.tar.gz"
    checksum: "sha256:4803c844ce20ce510ef0eb83f8ea41fa24ecaae9d280c468c582d2bb25b3913d"
    filename: "cares-1.17.2.tar.gz"
  - download_url: "https://github.com/google/crc32c/archive/refs/tags/1.1.2.tar.gz"
    checksum: "sha256:ac07840513072b7fcebda6e821068aa04889018f24e10e46181068fb214d7e56"
    filename: "crc32c-1.1.2.tar.gz"
  - download_url: "https://github.com/google/benchmark/archive/v1.8.3.tar.gz"
    checksum: "sha256:6bc180a57d23d4d9515519f92b0c83d61b05b5bab188961f36ac7b06b0d9e9ce"
    filename: "gbenchmark-v1.8.3.tar.gz"
  - download_url: "https://github.com/gflags/gflags/archive/v2.2.2.tar.gz"
    checksum: "sha256:34af2f15cf7367513b352bdcd2493ab14ce43692d2dcd9dfc499492966c64dcf"
    filename: "gflags-v2.2.2.tar.gz"
  - download_url: "https://github.com/google/glog/archive/v0.5.0.tar.gz"
    checksum: "sha256:eede71f28371bf39aa69b45de23b329d37214016e2055269b3b5e7cfd40b59f5"
    filename: "glog-v0.5.0.tar.gz"
  - download_url: "https://github.com/googleapis/google-cloud-cpp/archive/v2.22.0.tar.gz"
    checksum: "sha256:0c68782e57959c82e0c81def805c01460a042c1aae0c2feee905acaa2a2dc9bf"
    filename: "google-cloud-cpp-v2.22.0.tar.gz"
  - download_url: "https://github.com/grpc/grpc/archive/v1.46.3.tar.gz"
    checksum: "sha256:d6cbf22cb5007af71b61c6be316a79397469c58c82a942552a62e708bce60964"
    filename: "grpc-v1.46.3.tar.gz"
  - download_url: "https://github.com/google/googletest/archive/release-1.11.0.tar.gz"
    checksum: "sha256:b4870bf121ff7795ba20d20bcdd8627b8e088f2d1dab299a031c1034eddc93d5"
    filename: "gtest-1.11.0.tar.gz"
  - download_url: "https://github.com/jemalloc/jemalloc/releases/download/5.3.0/jemalloc-5.3.0.tar.bz2"
    checksum: "sha256:2db82d1e7119df3e71b7640219b6dfe84789bc0537983c3b7ac4f7189aecfeaa"
    filename: "jemalloc-5.3.0.tar.bz2"
  - download_url: "https://github.com/lz4/lz4/archive/v1.9.4.tar.gz"
    checksum: "sha256:0b0e3aa07c8c063ddf40b082bdf7e37a1562bda40a0ff5272957f3e987e0e54b"
    filename: "lz4-v1.9.4.tar.gz"
  - download_url: "https://github.com/microsoft/mimalloc/archive/v2.0.6.tar.gz"
    checksum: "sha256:9f05c94cc2b017ed13698834ac2a3567b6339a8bde27640df5a1581d49d05ce5"
    filename: "mimalloc-v2.0.6.tar.gz"
  - download_url: "https://github.com/nlohmann/json/archive/refs/tags/v3.10.5.tar.gz"
    checksum: "sha256:5daca6ca216495edf89d167f808d1d03c4a4d929cef7da5e10f135ae1540c7e4"
    filename: "nlohmann-json-v3.10.5.tar.gz"
  - download_url: "https://github.com/open-telemetry/opentelemetry-cpp/archive/refs/tags/v1.13.0.tar.gz"
    checksum: "sha256:7735cc56507149686e6019e06f588317099d4522480be5f38a2a09ec69af1706"
    filename: "opentelemetry-cpp-v1.13.0.tar.gz"
  - download_url: "https://github.com/open-telemetry/opentelemetry-proto/archive/refs/tags/v0.17.0.tar.gz"
    checksum: "sha256:f269fbcb30e17b03caa1decd231ce826e59d7651c0f71c3b28eb5140b4bb5412"
    filename: "opentelemetry-proto-v0.17.0.tar.gz"
  - download_url: "https://archive.apache.org/dist/orc/orc-2.0.1/orc-2.0.1.tar.gz"
    checksum: "sha256:1ffac0228aa83f04a1b1cf2788a3af5953e82587ae3a77c41900e99f2557132d"
    filename: "orc-2.0.1.tar.gz"
  - download_url: "https://github.com/google/protobuf/releases/download/v21.3/protobuf-all-21.3.tar.gz"
    checksum: "sha256:2f723218f6cb709ae4cdc4fb5ed56a5951fc5d466f0128ce4c946b8c78c8c49f"
    filename: "protobuf-v21.3.tar.gz"
  - download_url: "https://github.com/miloyip/rapidjson/archive/232389d4f1012dddec4ef84861face2d2ba85709.tar.gz"
    checksum: "sha256:b9290a9a6d444c8e049bd589ab804e0ccf2b05dc5984a19ed5ae75d090064806"
    filename: "rapidjson-232389d4f1012dddec4ef84861face2d2ba85709.tar.gz"
  - download_url: "https://github.com/google/re2/archive/2022-06-01.tar.gz"
    checksum: "sha256:f89c61410a072e5cbcf8c27e3a778da7d6fd2f2b5b1445cd4f4508bee946ab0f"
    filename: "re2-2022-06-01.tar.gz"
  - download_url: "https://github.com/aws/s2n-tls/archive/v1.3.35.tar.gz"
    checksum: "sha256:9d32b26e6bfcc058d98248bf8fc231537e347395dd89cf62bb432b55c5da990d"
    filename: "s2n-v1.3.35.tar.gz"
  - download_url: "https://github.com/google/snappy/archive/1.1.10.tar.gz"
    checksum: "sha256:49d831bffcc5f3d01482340fe5af59852ca2fe76c3e05df0e67203ebbe0f1d90"
    filename: "snappy-1.1.10.tar.gz"
  - download_url: "https://archive.apache.org/dist/thrift/0.16.0/thrift-0.16.0.tar.gz"
    checksum: "sha256:f460b5c1ca30d8918ff95ea3eb6291b3951cf518553566088f3f2be8981f6209"
    filename: "thrift-0.16.0.tar.gz"
  - download_url: "https://github.com/openucx/ucx/archive/v1.12.1.tar.gz"
    checksum: "sha256:9bef31aed0e28bf1973d28d74d9ac4f8926c43ca3b7010bd22a084e164e31b71"
    filename: "ucx-1.12.1.tar.gz"
  - download_url: "https://github.com/JuliaStrings/utf8proc/archive/v2.7.0.tar.gz"
    checksum: "sha256:4bb121e297293c0fd55f08f83afab6d35d48f0af4ecc07523ad8ec99aa2b12a1"
    filename: "utf8proc-v2.7.0.tar.gz"
  - download_url: "https://github.com/xtensor-stack/xsimd/archive/13.0.0.tar.gz"
    checksum: "sha256:8bdbbad0c3e7afa38d88d0d484d70a1671a1d8aefff03f4223ab2eb6a41110a3"
    filename: "xsimd-13.0.0.tar.gz"
  - download_url: "https://zlib.net/fossils/zlib-1.3.1.tar.gz"
    checksum: "sha256:9a93b2b7dfdac77ceba5a558a580e74667dd6fede4585b91eefb60f03b72df23"
    filename: "zlib-1.3.1.tar.gz"
  - download_url: "https://github.com/facebook/zstd/releases/download/v1.5.6/zstd-1.5.6.tar.gz"
    checksum: "sha256:8c29e06cf42aacc1eafc4077ae2ec6c6fcb96a626157e0593d5e82a34fd403c1"
    filename: "zstd-1.5.6.tar.gz"
  - download_url: "https://github.com/substrait-io/substrait/archive/v0.44.0.tar.gz"
    checksum: "sha256:f989a862f694e7dbb695925ddb7c4ce06aa6c51aca945105c075139aed7e55a2"
    filename: "substrait-0.44.0.tar.gz"
