dependencies:
- name: postgresql
  repository: https://kubernetes-charts.storage.googleapis.com
  version: 0.19.0
- name: redis
  repository: https://kubernetes-charts.storage.googleapis.com
  version: 6.4.5
digest: sha256:cb4801425432b544a54462d657daf5ffb8bc18eb5f25b39ef5560a66ae4975eb
generated: "2019-08-23T15:34:08.374305+08:00"
